{
  "nodes": {
    "catppuccin": {
      "inputs": {
        "nixpkgs": [
          "nixpkgs"
        ]
      },
      "locked": {
        "lastModified": 1746175539,
        "narHash": "sha256-/wjcn1CDQqOhwOoYKS8Xp0KejrdXSJZQMF1CbbrVtMw=",
        "owner": "catppuccin",
        "repo": "nix",
        "rev": "a5db9e41a4dccfa5ffe38e6f1841a5f9ad5c5c04",
        "type": "github"
      },
      "original": {
        "owner": "catppuccin",
        "ref": "main",
        "repo": "nix",
        "type": "github"
      }
    },
    "home-manager": {
      "inputs": {
        "nixpkgs": [
          "nixpkgs"
        ]
      },
      "locked": {
        "lastModified": 1746413188,
        "narHash": "sha256-i6BoiQP0PasExESQHszC0reQHfO6D4aI2GzOwZMOI20=",
        "owner": "nix-community",
        "repo": "home-manager",
        "rev": "8a318641ac13d3bc0a53651feaee9560f9b2d89a",
        "type": "github"
      },
      "original": {
        "owner": "nix-community",
        "ref": "master",
        "repo": "home-manager",
        "type": "github"
      }
    },
    "nix-system-graphics": {
      "inputs": {
        "nixpkgs": [
          "nixpkgs"
        ]
      },
      "locked": {
        "lastModified": 1737457219,
        "narHash": "sha256-nX9dxoATDCSQgWw/iv6BngXDJEyHVYYEvHEVQ7Ig3fI=",
        "owner": "soupglasses",
        "repo": "nix-system-graphics",
        "rev": "9c875e0c56cf2eb272b9102a4f3e24e4e31629fd",
        "type": "github"
      },
      "original": {
        "owner": "soupglasses",
        "repo": "nix-system-graphics",
        "type": "github"
      }
    },
    "nixCats": {
      "locked": {
        "lastModified": 1745981676,
        "narHash": "sha256-KGkNQbZaX+1KKBjUoltOby36+rH2CPNLFpm1blZ5Li4=",
        "owner": "BirdeeHub",
        "repo": "nixCats-nvim",
        "rev": "a4b78fc624b31b68536cdead4699c27bcb9e655a",
        "type": "github"
      },
      "original": {
        "owner": "BirdeeHub",
        "repo": "nixCats-nvim",
        "type": "github"
      }
    },
    "nixpkgs": {
      "locked": {
        "lastModified": 1746328495,
        "narHash": "sha256-uKCfuDs7ZM3QpCE/jnfubTg459CnKnJG/LwqEVEdEiw=",
        "owner": "NixOS",
        "repo": "nixpkgs",
        "rev": "979daf34c8cacebcd917d540070b52a3c2b9b16e",
        "type": "github"
      },
      "original": {
        "owner": "NixOS",
        "ref": "nixos-unstable",
        "repo": "nixpkgs",
        "type": "github"
      }
    },
    "root": {
      "inputs": {
        "catppuccin": "catppuccin",
        "home-manager": "home-manager",
        "nix-system-graphics": "nix-system-graphics",
        "nixCats": "nixCats",
        "nixpkgs": "nixpkgs",
        "system-manager": "system-manager"
      }
    },
    "system-manager": {
      "inputs": {
        "nixpkgs": [
          "nixpkgs"
        ]
      },
      "locked": {
        "lastModified": 1744139528,
        "narHash": "sha256-ABIcmxzf8399pJzXqHzShXtzw7iC+zxjhOxp/qS0fQk=",
        "owner": "numtide",
        "repo": "system-manager",
        "rev": "803322102ed51f29c250d4bff2973625adc4a521",
        "type": "github"
      },
      "original": {
        "owner": "numtide",
        "repo": "system-manager",
        "type": "github"
      }
    }
  },
  "root": "root",
  "version": 7
}
