{
	"name": "astal-shell",
	"lockfileVersion": 3,
	"requires": true,
	"packages": {
		"": {
			"name": "astal-shell",
			"dependencies": {
				"@catppuccin/palette": "v1.7.1",
				"ags": "https://gitpkg.vercel.app/Aylur/ags/lib?22f37ccb0db58d9d8a11ad0054ab20ecfad005ad"
			}
		},
		"node_modules/@catppuccin/palette": {
			"version": "1.7.1",
			"resolved": "https://registry.npmjs.org/@catppuccin/palette/-/palette-1.7.1.tgz",
			"integrity": "sha512-aRc1tbzrevOTV7nFTT9SRdF26w/MIwT4Jwt4fDMc9itRZUDXCuEDBLyz4TQMlqO9ZP8mf5Hu4Jr6D03NLFc6Gw==",
			"funding": [
				{
					"type": "opencollective",
					"url": "https://opencollective.com/catppuccin"
				},
				{
					"type": "github",
					"url": "https://github.com/sponsors/catppuccin"
				}
			],
			"license": "MIT"
		},
		"node_modules/ags": {
			"version": "3.0.0",
			"resolved": "https://gitpkg.vercel.app/Aylur/ags/lib?22f37ccb0db58d9d8a11ad0054ab20ecfad005ad",
			"integrity": "sha512-pABWGfq8q+H4dm5SA0/X0r52Yv9htAsrKFA1OXh0xU+wxF2wZmni9o9Phn6Vyj5LkinnVh7FtULDEfRSawmamQ==",
			"license": "LGPL-2.1",
			"os": [
				"linux"
			],
			"engines": {
				"gjs": ">=1.79.0"
			},
			"funding": {
				"type": "kofi",
				"url": "https://ko-fi.com/aylur"
			}
		}
	}
}
